
Microsoft Visual Studio Solution File, Format Version 12.00
# Visual Studio Version 17
VisualStudioVersion = 17.5.002.0
MinimumVisualStudioVersion = 10.0.40219.1
Project("{9A19103F-16F7-4668-BE54-9A1E7A4F7556}") = "NotificationSystem", "NotificationSystem.csproj", "{157582B5-F6A5-481C-9917-C5C31DEBC32A}"
EndProject
Global
	GlobalSection(SolutionConfigurationPlatforms) = preSolution
		Debug|Any CPU = Debug|Any CPU
		Release|Any CPU = Release|Any CPU
	EndGlobalSection
	GlobalSection(ProjectConfigurationPlatforms) = postSolution
		{157582B5-F6A5-481C-9917-C5C31DEBC32A}.Debug|Any CPU.ActiveCfg = Debug|Any CPU
		{157582B5-F6A5-481C-9917-C5C31DEBC32A}.Debug|Any CPU.Build.0 = Debug|Any CPU
		{157582B5-F6A5-481C-9917-C5C31DEBC32A}.Release|Any CPU.ActiveCfg = Release|Any CPU
		{157582B5-F6A5-481C-9917-C5C31DEBC32A}.Release|Any CPU.Build.0 = Release|Any CPU
	EndGlobalSection
	GlobalSection(SolutionProperties) = preSolution
		HideSolutionNode = FALSE
	EndGlobalSection
	GlobalSection(ExtensibilityGlobals) = postSolution
		SolutionGuid = {077F7E75-DCC3-440B-BC1E-23FC0E6E8F5E}
	EndGlobalSection
EndGlobal
